
Microsoft Visual Studio Solution File, Format Version 12.00
# Visual Studio Version 16
VisualStudioVersion = 16.0.30011.22
MinimumVisualStudioVersion = 10.0.40219.1
Project("{FAE04EC0-301F-11D3-BF4B-00C04F79EFBC}") = "SettlementFactionNameplate", "SettlementFactionNameplate.csproj", "{E006FA0A-24C6-42A9-8CED-823DBA147EC0}"
EndProject
Project("{2150E333-8FDC-42A3-9474-1A3956D46DE8}") = "Solution Items", "Solution Items", "{8C426E18-E148-4986-87DC-F52159178160}"
EndProject
Global
	GlobalSection(SolutionConfigurationPlatforms) = preSolution
		Debug|Any CPU = Debug|Any CPU
		Release|Any CPU = Release|Any CPU
	EndGlobalSection
	GlobalSection(ProjectConfigurationPlatforms) = postSolution
		{E006FA0A-24C6-42A9-8CED-823DBA147EC0}.Debug|Any CPU.ActiveCfg = Debug|Any CPU
		{E006FA0A-24C6-42A9-8CED-823DBA147EC0}.Debug|Any CPU.Build.0 = Debug|Any CPU
		{E006FA0A-24C6-42A9-8CED-823DBA147EC0}.Release|Any CPU.ActiveCfg = Release|Any CPU
		{E006FA0A-24C6-42A9-8CED-823DBA147EC0}.Release|Any CPU.Build.0 = Release|Any CPU
	EndGlobalSection
	GlobalSection(SolutionProperties) = preSolution
		HideSolutionNode = FALSE
	EndGlobalSection
	GlobalSection(ExtensibilityGlobals) = postSolution
		SolutionGuid = {3769B0B3-A764-40A9-B8AB-9904020363F0}
	EndGlobalSection
EndGlobal
